
Microsoft Visual Studio Solution File, Format Version 12.00
# Visual Studio Version 17
VisualStudioVersion = 17.6.33801.468
MinimumVisualStudioVersion = 10.0.40219.1
Project("{9A19103F-16F7-4668-BE54-9A1E7A4F7556}") = "Library_Backend", "Library_Backend\Library_Backend.csproj", "{14374C65-B217-4C8B-9FB8-2A7A5DB0F3A5}"
EndProject
Project("{9A19103F-16F7-4668-BE54-9A1E7A4F7556}") = "DataObjectLayer", "DataObjectLayer\DataObjectLayer.csproj", "{B26FD6BE-8A75-4C7F-9E41-BBF042128E8C}"
EndProject
Project("{9A19103F-16F7-4668-BE54-9A1E7A4F7556}") = "DataAccessLayer", "DataAccessLayer\DataAccessLayer.csproj", "{5205E171-0F25-4CC1-B219-28783BB79BEA}"
EndProject
Project("{FAE04EC0-301F-11D3-BF4B-00C04F79EFBC}") = "TestProject1", "TestProject1\TestProject1.csproj", "{2F5A0E13-7999-432E-A93A-31F925BF880F}"
EndProject
Project("{FAE04EC0-301F-11D3-BF4B-00C04F79EFBC}") = "LMSTest", "LMSTest\LMSTest.csproj", "{E71C305F-CA0B-43A4-9882-4AEFDA168408}"
EndProject
Global
	GlobalSection(SolutionConfigurationPlatforms) = preSolution
		Debug|Any CPU = Debug|Any CPU
		Release|Any CPU = Release|Any CPU
	EndGlobalSection
	GlobalSection(ProjectConfigurationPlatforms) = postSolution
		{14374C65-B217-4C8B-9FB8-2A7A5DB0F3A5}.Debug|Any CPU.ActiveCfg = Debug|Any CPU
		{14374C65-B217-4C8B-9FB8-2A7A5DB0F3A5}.Debug|Any CPU.Build.0 = Debug|Any CPU
		{14374C65-B217-4C8B-9FB8-2A7A5DB0F3A5}.Release|Any CPU.ActiveCfg = Release|Any CPU
		{14374C65-B217-4C8B-9FB8-2A7A5DB0F3A5}.Release|Any CPU.Build.0 = Release|Any CPU
		{B26FD6BE-8A75-4C7F-9E41-BBF042128E8C}.Debug|Any CPU.ActiveCfg = Debug|Any CPU
		{B26FD6BE-8A75-4C7F-9E41-BBF042128E8C}.Debug|Any CPU.Build.0 = Debug|Any CPU
		{B26FD6BE-8A75-4C7F-9E41-BBF042128E8C}.Release|Any CPU.ActiveCfg = Release|Any CPU
		{B26FD6BE-8A75-4C7F-9E41-BBF042128E8C}.Release|Any CPU.Build.0 = Release|Any CPU
		{5205E171-0F25-4CC1-B219-28783BB79BEA}.Debug|Any CPU.ActiveCfg = Debug|Any CPU
		{5205E171-0F25-4CC1-B219-28783BB79BEA}.Debug|Any CPU.Build.0 = Debug|Any CPU
		{5205E171-0F25-4CC1-B219-28783BB79BEA}.Release|Any CPU.ActiveCfg = Release|Any CPU
		{5205E171-0F25-4CC1-B219-28783BB79BEA}.Release|Any CPU.Build.0 = Release|Any CPU
		{2F5A0E13-7999-432E-A93A-31F925BF880F}.Debug|Any CPU.ActiveCfg = Debug|Any CPU
		{2F5A0E13-7999-432E-A93A-31F925BF880F}.Debug|Any CPU.Build.0 = Debug|Any CPU
		{2F5A0E13-7999-432E-A93A-31F925BF880F}.Release|Any CPU.ActiveCfg = Release|Any CPU
		{2F5A0E13-7999-432E-A93A-31F925BF880F}.Release|Any CPU.Build.0 = Release|Any CPU
		{E71C305F-CA0B-43A4-9882-4AEFDA168408}.Debug|Any CPU.ActiveCfg = Debug|Any CPU
		{E71C305F-CA0B-43A4-9882-4AEFDA168408}.Debug|Any CPU.Build.0 = Debug|Any CPU
		{E71C305F-CA0B-43A4-9882-4AEFDA168408}.Release|Any CPU.ActiveCfg = Release|Any CPU
		{E71C305F-CA0B-43A4-9882-4AEFDA168408}.Release|Any CPU.Build.0 = Release|Any CPU
	EndGlobalSection
	GlobalSection(SolutionProperties) = preSolution
		HideSolutionNode = FALSE
	EndGlobalSection
	GlobalSection(ExtensibilityGlobals) = postSolution
		SolutionGuid = {4F282AA9-D1CA-47D6-986C-55D526F1E457}
	EndGlobalSection
EndGlobal
